
Microsoft Visual Studio Solution File, Format Version 12.00
# Visual Studio Version 17
VisualStudioVersion = 17.3.32901.215
MinimumVisualStudioVersion = 10.0.40219.1
Project("{9A19103F-16F7-4668-BE54-9A1E7A4F7556}") = "Webshop.API", "Webshop.API\Webshop.API.csproj", "{0DBD22C5-C358-47A1-BBB8-71B80285BD75}"
EndProject
Project("{9A19103F-16F7-4668-BE54-9A1E7A4F7556}") = "Webshop.BLL", "Webshop.BLL\Webshop.BLL.csproj", "{48A4F3E4-1712-491E-BBFA-10391E87E778}"
EndProject
Project("{9A19103F-16F7-4668-BE54-9A1E7A4F7556}") = "Webshop.DAL", "Webshop.DAL\Webshop.DAL.csproj", "{42D274E3-B10B-4D3D-93B6-C4A2654564A4}"
EndProject
Global
	GlobalSection(SolutionConfigurationPlatforms) = preSolution
		Debug|Any CPU = Debug|Any CPU
		Release|Any CPU = Release|Any CPU
	EndGlobalSection
	GlobalSection(ProjectConfigurationPlatforms) = postSolution
		{0DBD22C5-C358-47A1-BBB8-71B80285BD75}.Debug|Any CPU.ActiveCfg = Debug|Any CPU
		{0DBD22C5-C358-47A1-BBB8-71B80285BD75}.Debug|Any CPU.Build.0 = Debug|Any CPU
		{0DBD22C5-C358-47A1-BBB8-71B80285BD75}.Release|Any CPU.ActiveCfg = Release|Any CPU
		{0DBD22C5-C358-47A1-BBB8-71B80285BD75}.Release|Any CPU.Build.0 = Release|Any CPU
		{48A4F3E4-1712-491E-BBFA-10391E87E778}.Debug|Any CPU.ActiveCfg = Debug|Any CPU
		{48A4F3E4-1712-491E-BBFA-10391E87E778}.Debug|Any CPU.Build.0 = Debug|Any CPU
		{48A4F3E4-1712-491E-BBFA-10391E87E778}.Release|Any CPU.ActiveCfg = Release|Any CPU
		{48A4F3E4-1712-491E-BBFA-10391E87E778}.Release|Any CPU.Build.0 = Release|Any CPU
		{42D274E3-B10B-4D3D-93B6-C4A2654564A4}.Debug|Any CPU.ActiveCfg = Debug|Any CPU
		{42D274E3-B10B-4D3D-93B6-C4A2654564A4}.Debug|Any CPU.Build.0 = Debug|Any CPU
		{42D274E3-B10B-4D3D-93B6-C4A2654564A4}.Release|Any CPU.ActiveCfg = Release|Any CPU
		{42D274E3-B10B-4D3D-93B6-C4A2654564A4}.Release|Any CPU.Build.0 = Release|Any CPU
	EndGlobalSection
	GlobalSection(SolutionProperties) = preSolution
		HideSolutionNode = FALSE
	EndGlobalSection
	GlobalSection(ExtensibilityGlobals) = postSolution
		SolutionGuid = {B9052966-45BC-4916-A23E-6BF350F8D542}
	EndGlobalSection
EndGlobal
